// !$*UTF8*$!
{
	archiveVersion = 1;
	classes = {
	};
	objectVersion = 46;
	objects = {

/* Begin PBXBuildFile section */
		32BA213D55A9413FA30AFD88 /* Pods_Snapshot.framework in Frameworks */ = {isa = PBXBuildFile; fileRef = F38A1A29A3AAFBFB8C307E7C /* Pods_Snapshot.framework */; };
		CA217DD61E4E95E700A264C6 /* SnapsViewController.swift in Sources */ = {isa = PBXBuildFile; fileRef = CA217DD51E4E95E700A264C6 /* SnapsViewController.swift */; };
		CA217DD81E4E988D00A264C6 /* bild.png in Resources */ = {isa = PBXBuildFile; fileRef = CA217DD71E4E988D00A264C6 /* bild.png */; };
		CA217DDA1E4E9AE500A264C6 /* PicturesViewController.swift in Sources */ = {isa = PBXBuildFile; fileRef = CA217DD91E4E9AE500A264C6 /* PicturesViewController.swift */; };
		CAEF0C891E4E7831002F56E2 /* AppDelegate.swift in Sources */ = {isa = PBXBuildFile; fileRef = CAEF0C881E4E7831002F56E2 /* AppDelegate.swift */; };
		CAEF0C8B1E4E7831002F56E2 /* LoginViewController.swift in Sources */ = {isa = PBXBuildFile; fileRef = CAEF0C8A1E4E7831002F56E2 /* LoginViewController.swift */; };
		CAEF0C8E1E4E7831002F56E2 /* Main.storyboard in Resources */ = {isa = PBXBuildFile; fileRef = CAEF0C8C1E4E7831002F56E2 /* Main.storyboard */; };
		CAEF0C911E4E7831002F56E2 /* Snapshot.xcdatamodeld in Sources */ = {isa = PBXBuildFile; fileRef = CAEF0C8F1E4E7831002F56E2 /* Snapshot.xcdatamodeld */; };
		CAEF0C931E4E7831002F56E2 /* Assets.xcassets in Resources */ = {isa = PBXBuildFile; fileRef = CAEF0C921E4E7831002F56E2 /* Assets.xcassets */; };
		CAEF0C961E4E7831002F56E2 /* LaunchScreen.storyboard in Resources */ = {isa = PBXBuildFile; fileRef = CAEF0C941E4E7831002F56E2 /* LaunchScreen.storyboard */; };
		CAEF0C9E1E4E7A7A002F56E2 /* GoogleService-Info.plist in Resources */ = {isa = PBXBuildFile; fileRef = CAEF0C9D1E4E7A7A002F56E2 /* GoogleService-Info.plist */; };
		CAEF0CA21E4E82F4002F56E2 /* snapshotIcon.png in Resources */ = {isa = PBXBuildFile; fileRef = CAEF0CA11E4E82F4002F56E2 /* snapshotIcon.png */; };
/* End PBXBuildFile section */

/* Begin PBXFileReference section */
		8C750CE523D856CB22FB506F /* Pods-Snapshot.release.xcconfig */ = {isa = PBXFileReference; includeInIndex = 1; lastKnownFileType = text.xcconfig; name = "Pods-Snapshot.release.xcconfig"; path = "Pods/Target Support Files/Pods-Snapshot/Pods-Snapshot.release.xcconfig"; sourceTree = "<group>"; };
		9C719F72A0CF0F03F913822D /* Pods-Snapshot.debug.xcconfig */ = {isa = PBXFileReference; includeInIndex = 1; lastKnownFileType = text.xcconfig; name = "Pods-Snapshot.debug.xcconfig"; path = "Pods/Target Support Files/Pods-Snapshot/Pods-Snapshot.debug.xcconfig"; sourceTree = "<group>"; };
		CA217DD51E4E95E700A264C6 /* SnapsViewController.swift */ = {isa = PBXFileReference; fileEncoding = 4; lastKnownFileType = sourcecode.swift; path = SnapsViewController.swift; sourceTree = "<group>"; };
		CA217DD71E4E988D00A264C6 /* bild.png */ = {isa = PBXFileReference; lastKnownFileType = image.png; path = bild.png; sourceTree = "<group>"; };
		CA217DD91E4E9AE500A264C6 /* PicturesViewController.swift */ = {isa = PBXFileReference; fileEncoding = 4; lastKnownFileType = sourcecode.swift; path = PicturesViewController.swift; sourceTree = "<group>"; };
		CAEF0C851E4E7831002F56E2 /* Snapshot.app */ = {isa = PBXFileReference; explicitFileType = wrapper.application; includeInIndex = 0; path = Snapshot.app; sourceTree = BUILT_PRODUCTS_DIR; };
		CAEF0C881E4E7831002F56E2 /* AppDelegate.swift */ = {isa = PBXFileReference; lastKnownFileType = sourcecode.swift; path = AppDelegate.swift; sourceTree = "<group>"; };
		CAEF0C8A1E4E7831002F56E2 /* LoginViewController.swift */ = {isa = PBXFileReference; lastKnownFileType = sourcecode.swift; path = LoginViewController.swift; sourceTree = "<group>"; };
		CAEF0C8D1E4E7831002F56E2 /* Base */ = {isa = PBXFileReference; lastKnownFileType = file.storyboard; name = Base; path = Base.lproj/Main.storyboard; sourceTree = "<group>"; };
		CAEF0C901E4E7831002F56E2 /* Snapshot.xcdatamodel */ = {isa = PBXFileReference; lastKnownFileType = wrapper.xcdatamodel; path = Snapshot.xcdatamodel; sourceTree = "<group>"; };
		CAEF0C921E4E7831002F56E2 /* Assets.xcassets */ = {isa = PBXFileReference; lastKnownFileType = folder.assetcatalog; path = Assets.xcassets; sourceTree = "<group>"; };
		CAEF0C951E4E7831002F56E2 /* Base */ = {isa = PBXFileReference; lastKnownFileType = file.storyboard; name = Base; path = Base.lproj/LaunchScreen.storyboard; sourceTree = "<group>"; };
		CAEF0C971E4E7831002F56E2 /* Info.plist */ = {isa = PBXFileReference; lastKnownFileType = text.plist.xml; path = Info.plist; sourceTree = "<group>"; };
		CAEF0C9D1E4E7A7A002F56E2 /* GoogleService-Info.plist */ = {isa = PBXFileReference; fileEncoding = 4; lastKnownFileType = text.plist.xml; path = "GoogleService-Info.plist"; sourceTree = "<group>"; };
		CAEF0CA11E4E82F4002F56E2 /* snapshotIcon.png */ = {isa = PBXFileReference; lastKnownFileType = image.png; path = snapshotIcon.png; sourceTree = "<group>"; };
		F38A1A29A3AAFBFB8C307E7C /* Pods_Snapshot.framework */ = {isa = PBXFileReference; explicitFileType = wrapper.framework; includeInIndex = 0; path = Pods_Snapshot.framework; sourceTree = BUILT_PRODUCTS_DIR; };
/* End PBXFileReference section */

/* Begin PBXFrameworksBuildPhase section */
		CAEF0C821E4E7831002F56E2 /* Frameworks */ = {
			isa = PBXFrameworksBuildPhase;
			buildActionMask = 2147483647;
			files = (
				32BA213D55A9413FA30AFD88 /* Pods_Snapshot.framework in Frameworks */,
			);
			runOnlyForDeploymentPostprocessing = 0;
		};
/* End PBXFrameworksBuildPhase section */

/* Begin PBXGroup section */
		2F8DEACAB81732585F489B71 /* Frameworks */ = {
			isa = PBXGroup;
			children = (
				F38A1A29A3AAFBFB8C307E7C /* Pods_Snapshot.framework */,
			);
			name = Frameworks;
			sourceTree = "<group>";
		};
		8879D057F50A6940047C0E02 /* Pods */ = {
			isa = PBXGroup;
			children = (
				9C719F72A0CF0F03F913822D /* Pods-Snapshot.debug.xcconfig */,
				8C750CE523D856CB22FB506F /* Pods-Snapshot.release.xcconfig */,
			);
			name = Pods;
			sourceTree = "<group>";
		};
		CAEF0C7C1E4E7831002F56E2 = {
			isa = PBXGroup;
			children = (
				CAEF0C871E4E7831002F56E2 /* Snapshot */,
				CAEF0C861E4E7831002F56E2 /* Products */,
				8879D057F50A6940047C0E02 /* Pods */,
				2F8DEACAB81732585F489B71 /* Frameworks */,
			);
			sourceTree = "<group>";
		};
		CAEF0C861E4E7831002F56E2 /* Products */ = {
			isa = PBXGroup;
			children = (
				CAEF0C851E4E7831002F56E2 /* Snapshot.app */,
			);
			name = Products;
			sourceTree = "<group>";
		};
		CAEF0C871E4E7831002F56E2 /* Snapshot */ = {
			isa = PBXGroup;
			children = (
				CAEF0CA31E4E8300002F56E2 /* images */,
				CAEF0C881E4E7831002F56E2 /* AppDelegate.swift */,
				CAEF0C8A1E4E7831002F56E2 /* LoginViewController.swift */,
				CA217DD51E4E95E700A264C6 /* SnapsViewController.swift */,
				CA217DD91E4E9AE500A264C6 /* PicturesViewController.swift */,
				CAEF0C921E4E7831002F56E2 /* Assets.xcassets */,
				CAEF0C8C1E4E7831002F56E2 /* Main.storyboard */,
				CAEF0C941E4E7831002F56E2 /* LaunchScreen.storyboard */,
				CAEF0C971E4E7831002F56E2 /* Info.plist */,
				CAEF0C9D1E4E7A7A002F56E2 /* GoogleService-Info.plist */,
				CAEF0C8F1E4E7831002F56E2 /* Snapshot.xcdatamodeld */,
			);
			path = Snapshot;
			sourceTree = "<group>";
		};
		CAEF0CA31E4E8300002F56E2 /* images */ = {
			isa = PBXGroup;
			children = (
				CA217DD71E4E988D00A264C6 /* bild.png */,
				CAEF0CA11E4E82F4002F56E2 /* snapshotIcon.png */,
			);
			name = images;
			sourceTree = "<group>";
		};
/* End PBXGroup section */

/* Begin PBXNativeTarget section */
		CAEF0C841E4E7831002F56E2 /* Snapshot */ = {
			isa = PBXNativeTarget;
			buildConfigurationList = CAEF0C9A1E4E7831002F56E2 /* Build configuration list for PBXNativeTarget "Snapshot" */;
			buildPhases = (
				9500E5609CBEC88DEE772132 /* [CP] Check Pods Manifest.lock */,
				CAEF0C811E4E7831002F56E2 /* Sources */,
				CAEF0C821E4E7831002F56E2 /* Frameworks */,
				CAEF0C831E4E7831002F56E2 /* Resources */,
				9B10A8A41BD3580ABB13C9F1 /* [CP] Embed Pods Frameworks */,
				3F36B2AEE8289DFE41A13F7F /* [CP] Copy Pods Resources */,
			);
			buildRules = (
			);
			dependencies = (
			);
			name = Snapshot;
			productName = Snapshot;
			productReference = CAEF0C851E4E7831002F56E2 /* Snapshot.app */;
			productType = "com.apple.product-type.application";
		};
/* End PBXNativeTarget section */

/* Begin PBXProject section */
		CAEF0C7D1E4E7831002F56E2 /* Project object */ = {
			isa = PBXProject;
			attributes = {
				LastSwiftUpdateCheck = 0830;
				LastUpgradeCheck = 0830;
				ORGANIZATIONNAME = Schiller;
				TargetAttributes = {
					CAEF0C841E4E7831002F56E2 = {
						CreatedOnToolsVersion = 8.3;
						DevelopmentTeam = NR5J9H8TC7;
						ProvisioningStyle = Automatic;
					};
				};
			};
			buildConfigurationList = CAEF0C801E4E7831002F56E2 /* Build configuration list for PBXProject "Snapshot" */;
			compatibilityVersion = "Xcode 3.2";
			developmentRegion = English;
			hasScannedForEncodings = 0;
			knownRegions = (
				en,
				Base,
			);
			mainGroup = CAEF0C7C1E4E7831002F56E2;
			productRefGroup = CAEF0C861E4E7831002F56E2 /* Products */;
			projectDirPath = "";
			projectRoot = "";
			targets = (
				CAEF0C841E4E7831002F56E2 /* Snapshot */,
			);
		};
/* End PBXProject section */

/* Begin PBXResourcesBuildPhase section */
		CAEF0C831E4E7831002F56E2 /* Resources */ = {
			isa = PBXResourcesBuildPhase;
			buildActionMask = 2147483647;
			files = (
				CAEF0C961E4E7831002F56E2 /* LaunchScreen.storyboard in Resources */,
				CAEF0C9E1E4E7A7A002F56E2 /* GoogleService-Info.plist in Resources */,
				CA217DD81E4E988D00A264C6 /* bild.png in Resources */,
				CAEF0C931E4E7831002F56E2 /* Assets.xcassets in Resources */,
				CAEF0CA21E4E82F4002F56E2 /* snapshotIcon.png in Resources */,
				CAEF0C8E1E4E7831002F56E2 /* Main.storyboard in Resources */,
			);
			runOnlyForDeploymentPostprocessing = 0;
		};
/* End PBXResourcesBuildPhase section */

/* Begin PBXShellScriptBuildPhase section */
		3F36B2AEE8289DFE41A13F7F /* [CP] Copy Pods Resources */ = {
			isa = PBXShellScriptBuildPhase;
			buildActionMask = 2147483647;
			files = (
			);
			inputPaths = (
			);
			name = "[CP] Copy Pods Resources";
			outputPaths = (
			);
			runOnlyForDeploymentPostprocessing = 0;
			shellPath = /bin/sh;
			shellScript = "\"${SRCROOT}/Pods/Target Support Files/Pods-Snapshot/Pods-Snapshot-resources.sh\"\n";
			showEnvVarsInLog = 0;
		};
		9500E5609CBEC88DEE772132 /* [CP] Check Pods Manifest.lock */ = {
			isa = PBXShellScriptBuildPhase;
			buildActionMask = 2147483647;
			files = (
			);
			inputPaths = (
			);
			name = "[CP] Check Pods Manifest.lock";
			outputPaths = (
			);
			runOnlyForDeploymentPostprocessing = 0;
			shellPath = /bin/sh;
			shellScript = "diff \"${PODS_ROOT}/../Podfile.lock\" \"${PODS_ROOT}/Manifest.lock\" > /dev/null\nif [ $? != 0 ] ; then\n    # print error to STDERR\n    echo \"error: The sandbox is not in sync with the Podfile.lock. Run 'pod install' or update your CocoaPods installation.\" >&2\n    exit 1\nfi\n";
			showEnvVarsInLog = 0;
		};
		9B10A8A41BD3580ABB13C9F1 /* [CP] Embed Pods Frameworks */ = {
			isa = PBXShellScriptBuildPhase;
			buildActionMask = 2147483647;
			files = (
			);
			inputPaths = (
			);
			name = "[CP] Embed Pods Frameworks";
			outputPaths = (
			);
			runOnlyForDeploymentPostprocessing = 0;
			shellPath = /bin/sh;
			shellScript = "\"${SRCROOT}/Pods/Target Support Files/Pods-Snapshot/Pods-Snapshot-frameworks.sh\"\n";
			showEnvVarsInLog = 0;
		};
/* End PBXShellScriptBuildPhase section */

/* Begin PBXSourcesBuildPhase section */
		CAEF0C811E4E7831002F56E2 /* Sources */ = {
			isa = PBXSourcesBuildPhase;
			buildActionMask = 2147483647;
			files = (
				CA217DD61E4E95E700A264C6 /* SnapsViewController.swift in Sources */,
				CAEF0C911E4E7831002F56E2 /* Snapshot.xcdatamodeld in Sources */,
				CA217DDA1E4E9AE500A264C6 /* PicturesViewController.swift in Sources */,
				CAEF0C8B1E4E7831002F56E2 /* LoginViewController.swift in Sources */,
				CAEF0C891E4E7831002F56E2 /* AppDelegate.swift in Sources */,
			);
			runOnlyForDeploymentPostprocessing = 0;
		};
/* End PBXSourcesBuildPhase section */

/* Begin PBXVariantGroup section */
		CAEF0C8C1E4E7831002F56E2 /* Main.storyboard */ = {
			isa = PBXVariantGroup;
			children = (
				CAEF0C8D1E4E7831002F56E2 /* Base */,
			);
			name = Main.storyboard;
			sourceTree = "<group>";
		};
		CAEF0C941E4E7831002F56E2 /* LaunchScreen.storyboard */ = {
			isa = PBXVariantGroup;
			children = (
				CAEF0C951E4E7831002F56E2 /* Base */,
			);
			name = LaunchScreen.storyboard;
			sourceTree = "<group>";
		};
/* End PBXVariantGroup section */

/* Begin XCBuildConfiguration section */
		CAEF0C981E4E7831002F56E2 /* Debug */ = {
			isa = XCBuildConfiguration;
			buildSettings = {
				ALWAYS_SEARCH_USER_PATHS = NO;
				CLANG_ANALYZER_NONNULL = YES;
				CLANG_ANALYZER_NUMBER_OBJECT_CONVERSION = YES_AGGRESSIVE;
				CLANG_CXX_LANGUAGE_STANDARD = "gnu++0x";
				CLANG_CXX_LIBRARY = "libc++";
				CLANG_ENABLE_MODULES = YES;
				CLANG_ENABLE_OBJC_ARC = YES;
				CLANG_WARN_BOOL_CONVERSION = YES;
				CLANG_WARN_CONSTANT_CONVERSION = YES;
				CLANG_WARN_DIRECT_OBJC_ISA_USAGE = YES_ERROR;
				CLANG_WARN_DOCUMENTATION_COMMENTS = YES;
				CLANG_WARN_EMPTY_BODY = YES;
				CLANG_WARN_ENUM_CONVERSION = YES;
				CLANG_WARN_INFINITE_RECURSION = YES;
				CLANG_WARN_INT_CONVERSION = YES;
				CLANG_WARN_OBJC_ROOT_CLASS = YES_ERROR;
				CLANG_WARN_SUSPICIOUS_MOVE = YES;
				CLANG_WARN_UNREACHABLE_CODE = YES;
				CLANG_WARN__DUPLICATE_METHOD_MATCH = YES;
				"CODE_SIGN_IDENTITY[sdk=iphoneos*]" = "iPhone Developer";
				COPY_PHASE_STRIP = NO;
				DEBUG_INFORMATION_FORMAT = dwarf;
				ENABLE_STRICT_OBJC_MSGSEND = YES;
				ENABLE_TESTABILITY = YES;
				GCC_C_LANGUAGE_STANDARD = gnu99;
				GCC_DYNAMIC_NO_PIC = NO;
				GCC_NO_COMMON_BLOCKS = YES;
				GCC_OPTIMIZATION_LEVEL = 0;
				GCC_PREPROCESSOR_DEFINITIONS = (
					"DEBUG=1",
					"$(inherited)",
				);
				GCC_WARN_64_TO_32_BIT_CONVERSION = YES;
				GCC_WARN_ABOUT_RETURN_TYPE = YES_ERROR;
				GCC_WARN_UNDECLARED_SELECTOR = YES;
				GCC_WARN_UNINITIALIZED_AUTOS = YES_AGGRESSIVE;
				GCC_WARN_UNUSED_FUNCTION = YES;
				GCC_WARN_UNUSED_VARIABLE = YES;
				IPHONEOS_DEPLOYMENT_TARGET = 10.3;
				MTL_ENABLE_DEBUG_INFO = YES;
				ONLY_ACTIVE_ARCH = YES;
				SDKROOT = iphoneos;
				SWIFT_ACTIVE_COMPILATION_CONDITIONS = DEBUG;
				SWIFT_OPTIMIZATION_LEVEL = "-Onone";
				TARGETED_DEVICE_FAMILY = "1,2";
			};
			name = Debug;
		};
		CAEF0C991E4E7831002F56E2 /* Release */ = {
			isa = XCBuildConfiguration;
			buildSettings = {
				ALWAYS_SEARCH_USER_PATHS = NO;
				CLANG_ANALYZER_NONNULL = YES;
				CLANG_ANALYZER_NUMBER_OBJECT_CONVERSION = YES_AGGRESSIVE;
				CLANG_CXX_LANGUAGE_STANDARD = "gnu++0x";
				CLANG_CXX_LIBRARY = "libc++";
				CLANG_ENABLE_MODULES = YES;
				CLANG_ENABLE_OBJC_ARC = YES;
				CLANG_WARN_BOOL_CONVERSION = YES;
				CLANG_WARN_CONSTANT_CONVERSION = YES;
				CLANG_WARN_DIRECT_OBJC_ISA_USAGE = YES_ERROR;
				CLANG_WARN_DOCUMENTATION_COMMENTS = YES;
				CLANG_WARN_EMPTY_BODY = YES;
				CLANG_WARN_ENUM_CONVERSION = YES;
				CLANG_WARN_INFINITE_RECURSION = YES;
				CLANG_WARN_INT_CONVERSION = YES;
				CLANG_WARN_OBJC_ROOT_CLASS = YES_ERROR;
				CLANG_WARN_SUSPICIOUS_MOVE = YES;
				CLANG_WARN_UNREACHABLE_CODE = YES;
				CLANG_WARN__DUPLICATE_METHOD_MATCH = YES;
				"CODE_SIGN_IDENTITY[sdk=iphoneos*]" = "iPhone Developer";
				COPY_PHASE_STRIP = NO;
				DEBUG_INFORMATION_FORMAT = "dwarf-with-dsym";
				ENABLE_NS_ASSERTIONS = NO;
				ENABLE_STRICT_OBJC_MSGSEND = YES;
				GCC_C_LANGUAGE_STANDARD = gnu99;
				GCC_NO_COMMON_BLOCKS = YES;
				GCC_WARN_64_TO_32_BIT_CONVERSION = YES;
				GCC_WARN_ABOUT_RETURN_TYPE = YES_ERROR;
				GCC_WARN_UNDECLARED_SELECTOR = YES;
				GCC_WARN_UNINITIALIZED_AUTOS = YES_AGGRESSIVE;
				GCC_WARN_UNUSED_FUNCTION = YES;
				GCC_WARN_UNUSED_VARIABLE = YES;
				IPHONEOS_DEPLOYMENT_TARGET = 10.3;
				MTL_ENABLE_DEBUG_INFO = NO;
				SDKROOT = iphoneos;
				SWIFT_OPTIMIZATION_LEVEL = "-Owholemodule";
				TARGETED_DEVICE_FAMILY = "1,2";
				VALIDATE_PRODUCT = YES;
			};
			name = Release;
		};
		CAEF0C9B1E4E7831002F56E2 /* Debug */ = {
			isa = XCBuildConfiguration;
			baseConfigurationReference = 9C719F72A0CF0F03F913822D /* Pods-Snapshot.debug.xcconfig */;
			buildSettings = {
				ASSETCATALOG_COMPILER_APPICON_NAME = AppIcon;
				DEVELOPMENT_TEAM = NR5J9H8TC7;
				INFOPLIST_FILE = Snapshot/Info.plist;
				IPHONEOS_DEPLOYMENT_TARGET = 10.0;
				LD_RUNPATH_SEARCH_PATHS = "$(inherited) @executable_path/Frameworks";
				PRODUCT_BUNDLE_IDENTIFIER = com.Schiller.Snapshot;
				PRODUCT_NAME = "$(TARGET_NAME)";
				SWIFT_VERSION = 3.0;
			};
			name = Debug;
		};
		CAEF0C9C1E4E7831002F56E2 /* Release */ = {
			isa = XCBuildConfiguration;
			baseConfigurationReference = 8C750CE523D856CB22FB506F /* Pods-Snapshot.release.xcconfig */;
			buildSettings = {
				ASSETCATALOG_COMPILER_APPICON_NAME = AppIcon;
				DEVELOPMENT_TEAM = NR5J9H8TC7;
				INFOPLIST_FILE = Snapshot/Info.plist;
				IPHONEOS_DEPLOYMENT_TARGET = 10.0;
				LD_RUNPATH_SEARCH_PATHS = "$(inherited) @executable_path/Frameworks";
				PRODUCT_BUNDLE_IDENTIFIER = com.Schiller.Snapshot;
				PRODUCT_NAME = "$(TARGET_NAME)";
				SWIFT_VERSION = 3.0;
			};
			name = Release;
		};
/* End XCBuildConfiguration section */

/* Begin XCConfigurationList section */
		CAEF0C801E4E7831002F56E2 /* Build configuration list for PBXProject "Snapshot" */ = {
			isa = XCConfigurationList;
			buildConfigurations = (
				CAEF0C981E4E7831002F56E2 /* Debug */,
				CAEF0C991E4E7831002F56E2 /* Release */,
			);
			defaultConfigurationIsVisible = 0;
			defaultConfigurationName = Release;
		};
		CAEF0C9A1E4E7831002F56E2 /* Build configuration list for PBXNativeTarget "Snapshot" */ = {
			isa = XCConfigurationList;
			buildConfigurations = (
				CAEF0C9B1E4E7831002F56E2 /* Debug */,
				CAEF0C9C1E4E7831002F56E2 /* Release */,
			);
			defaultConfigurationIsVisible = 0;
			defaultConfigurationName = Release;
		};
/* End XCConfigurationList section */

/* Begin XCVersionGroup section */
		CAEF0C8F1E4E7831002F56E2 /* Snapshot.xcdatamodeld */ = {
			isa = XCVersionGroup;
			children = (
				CAEF0C901E4E7831002F56E2 /* Snapshot.xcdatamodel */,
			);
			currentVersion = CAEF0C901E4E7831002F56E2 /* Snapshot.xcdatamodel */;
			path = Snapshot.xcdatamodeld;
			sourceTree = "<group>";
			versionGroupType = wrapper.xcdatamodel;
		};
/* End XCVersionGroup section */
	};
	rootObject = CAEF0C7D1E4E7831002F56E2 /* Project object */;
}
